
Microsoft Visual Studio Solution File, Format Version 12.00
# Visual Studio Version 17
VisualStudioVersion = 17.11.35312.102
MinimumVisualStudioVersion = 10.0.40219.1
Project("{8BC9CEB8-8B4A-11D0-8D11-00A0C91BC942}") = "expected", "expected\expected.vcxproj", "{3F224D88-F638-4801-82E7-0E9F2AEECF86}"
EndProject
Global
	GlobalSection(SolutionConfigurationPlatforms) = preSolution
		Debug|x64 = Debug|x64
		Debug|x86 = Debug|x86
		Release|x64 = Release|x64
		Release|x86 = Release|x86
	EndGlobalSection
	GlobalSection(ProjectConfigurationPlatforms) = postSolution
		{3F224D88-F638-4801-82E7-0E9F2AEECF86}.Debug|x64.ActiveCfg = Debug|x64
		{3F224D88-F638-4801-82E7-0E9F2AEECF86}.Debug|x64.Build.0 = Debug|x64
		{3F224D88-F638-4801-82E7-0E9F2AEECF86}.Debug|x86.ActiveCfg = Debug|Win32
		{3F224D88-F638-4801-82E7-0E9F2AEECF86}.Debug|x86.Build.0 = Debug|Win32
		{3F224D88-F638-4801-82E7-0E9F2AEECF86}.Release|x64.ActiveCfg = Release|x64
		{3F224D88-F638-4801-82E7-0E9F2AEECF86}.Release|x64.Build.0 = Release|x64
		{3F224D88-F638-4801-82E7-0E9F2AEECF86}.Release|x86.ActiveCfg = Release|Win32
		{3F224D88-F638-4801-82E7-0E9F2AEECF86}.Release|x86.Build.0 = Release|Win32
	EndGlobalSection
	GlobalSection(SolutionProperties) = preSolution
		HideSolutionNode = FALSE
	EndGlobalSection
	GlobalSection(ExtensibilityGlobals) = postSolution
		SolutionGuid = {018C8A68-6A89-4463-A71A-3259948E64A7}
	EndGlobalSection
EndGlobal
